
Microsoft Visual Studio Solution File, Format Version 12.00
# Visual Studio 15
VisualStudioVersion = 15.0.28307.572
MinimumVisualStudioVersion = 10.0.40219.1
Project("{9A19103F-16F7-4668-BE54-9A1E7A4F7556}") = "OpenWeather.Api", "OpenWeather.Api\OpenWeather.Api.csproj", "{564BE5B2-7CF7-42A6-A851-AD3C0D4FB4E6}"
EndProject
Project("{FAE04EC0-301F-11D3-BF4B-00C04F79EFBC}") = "OpenWeather.Client", "OpenWeather.Client\OpenWeather.Client.csproj", "{0DA37C85-93D5-47BD-AFAF-3AB519C53D4E}"
EndProject
Global
	GlobalSection(SolutionConfigurationPlatforms) = preSolution
		Debug|Any CPU = Debug|Any CPU
		Release|Any CPU = Release|Any CPU
	EndGlobalSection
	GlobalSection(ProjectConfigurationPlatforms) = postSolution
		{564BE5B2-7CF7-42A6-A851-AD3C0D4FB4E6}.Debug|Any CPU.ActiveCfg = Debug|Any CPU
		{564BE5B2-7CF7-42A6-A851-AD3C0D4FB4E6}.Debug|Any CPU.Build.0 = Debug|Any CPU
		{564BE5B2-7CF7-42A6-A851-AD3C0D4FB4E6}.Release|Any CPU.ActiveCfg = Release|Any CPU
		{564BE5B2-7CF7-42A6-A851-AD3C0D4FB4E6}.Release|Any CPU.Build.0 = Release|Any CPU
		{0DA37C85-93D5-47BD-AFAF-3AB519C53D4E}.Debug|Any CPU.ActiveCfg = Debug|Any CPU
		{0DA37C85-93D5-47BD-AFAF-3AB519C53D4E}.Debug|Any CPU.Build.0 = Debug|Any CPU
		{0DA37C85-93D5-47BD-AFAF-3AB519C53D4E}.Release|Any CPU.ActiveCfg = Release|Any CPU
		{0DA37C85-93D5-47BD-AFAF-3AB519C53D4E}.Release|Any CPU.Build.0 = Release|Any CPU
	EndGlobalSection
	GlobalSection(SolutionProperties) = preSolution
		HideSolutionNode = FALSE
	EndGlobalSection
	GlobalSection(ExtensibilityGlobals) = postSolution
		SolutionGuid = {4FA2AD5F-724C-49F2-B238-67BB0E6AFA9D}
	EndGlobalSection
EndGlobal
